
Microsoft Visual Studio Solution File, Format Version 12.00
# Visual Studio Version 16
VisualStudioVersion = 16.0.29306.81
MinimumVisualStudioVersion = 10.0.40219.1
Project("{FAE04EC0-301F-11D3-BF4B-00C04F79EFBC}") = "FormTestProject", "..\SomeForm\FormTestProject.csproj", "{AE8558FB-5C46-41EC-A638-E5586065E3F7}"
EndProject
Project("{FAE04EC0-301F-11D3-BF4B-00C04F79EFBC}") = "StudentControlAccounting", "StudentControlAccounting\StudentControlAccounting.csproj", "{EB79A4EF-9920-438E-AB36-9E6B4AEE1EE0}"
EndProject
Project("{FAE04EC0-301F-11D3-BF4B-00C04F79EFBC}") = "DAL", "DAL\DAL.csproj", "{771A6227-AFD5-43FB-96B7-8BC0642037C1}"
EndProject
Project("{FAE04EC0-301F-11D3-BF4B-00C04F79EFBC}") = "Model", "Model\Model.csproj", "{D94E01DC-543D-408C-AA0D-348ACC000063}"
EndProject
Project("{FAE04EC0-301F-11D3-BF4B-00C04F79EFBC}") = "FormProject", "FormProject\FormProject.csproj", "{E1063029-C0D8-4DFA-BBDA-7707B6F0FA81}"
EndProject
Project("{FAE04EC0-301F-11D3-BF4B-00C04F79EFBC}") = "DAO", "DAO\DAO.csproj", "{7608AFE8-2123-4503-8D73-751918246E5A}"
EndProject
Project("{FAE04EC0-301F-11D3-BF4B-00C04F79EFBC}") = "PluginInterface", "PluginInterface\PluginInterface.csproj", "{2A45F944-D634-4618-A2D9-C676A4752EC0}"
EndProject
Project("{FAE04EC0-301F-11D3-BF4B-00C04F79EFBC}") = "PluginChangeCourse", "PluginChangeCourse\PluginChangeCourse.csproj", "{1A1FDF64-5D57-4E0E-A62B-0205BED18BFC}"
EndProject
Project("{FAE04EC0-301F-11D3-BF4B-00C04F79EFBC}") = "PluginVidachaStipuhi", "PluginVidachaStipuhi\PluginVidachaStipuhi.csproj", "{195A4F88-B01A-4968-9F9F-EBF8C48DBD98}"
EndProject
Project("{FAE04EC0-301F-11D3-BF4B-00C04F79EFBC}") = "PluginReport", "PluginReport\PluginReport.csproj", "{C7307143-1426-4371-AE72-1817BC2350EB}"
EndProject
Project("{FAE04EC0-301F-11D3-BF4B-00C04F79EFBC}") = "AbstractFactory", "AbstractFactory\AbstractFactory.csproj", "{56B0A8D2-96B8-436F-B5EB-F74A19AF46B2}"
EndProject
Global
	GlobalSection(SolutionConfigurationPlatforms) = preSolution
		Debug|Any CPU = Debug|Any CPU
		Release|Any CPU = Release|Any CPU
	EndGlobalSection
	GlobalSection(ProjectConfigurationPlatforms) = postSolution
		{AE8558FB-5C46-41EC-A638-E5586065E3F7}.Debug|Any CPU.ActiveCfg = Debug|Any CPU
		{AE8558FB-5C46-41EC-A638-E5586065E3F7}.Debug|Any CPU.Build.0 = Debug|Any CPU
		{AE8558FB-5C46-41EC-A638-E5586065E3F7}.Release|Any CPU.ActiveCfg = Release|Any CPU
		{AE8558FB-5C46-41EC-A638-E5586065E3F7}.Release|Any CPU.Build.0 = Release|Any CPU
		{EB79A4EF-9920-438E-AB36-9E6B4AEE1EE0}.Debug|Any CPU.ActiveCfg = Debug|Any CPU
		{EB79A4EF-9920-438E-AB36-9E6B4AEE1EE0}.Debug|Any CPU.Build.0 = Debug|Any CPU
		{EB79A4EF-9920-438E-AB36-9E6B4AEE1EE0}.Release|Any CPU.ActiveCfg = Release|Any CPU
		{EB79A4EF-9920-438E-AB36-9E6B4AEE1EE0}.Release|Any CPU.Build.0 = Release|Any CPU
		{771A6227-AFD5-43FB-96B7-8BC0642037C1}.Debug|Any CPU.ActiveCfg = Debug|Any CPU
		{771A6227-AFD5-43FB-96B7-8BC0642037C1}.Debug|Any CPU.Build.0 = Debug|Any CPU
		{771A6227-AFD5-43FB-96B7-8BC0642037C1}.Release|Any CPU.ActiveCfg = Release|Any CPU
		{771A6227-AFD5-43FB-96B7-8BC0642037C1}.Release|Any CPU.Build.0 = Release|Any CPU
		{D94E01DC-543D-408C-AA0D-348ACC000063}.Debug|Any CPU.ActiveCfg = Debug|Any CPU
		{D94E01DC-543D-408C-AA0D-348ACC000063}.Debug|Any CPU.Build.0 = Debug|Any CPU
		{D94E01DC-543D-408C-AA0D-348ACC000063}.Release|Any CPU.ActiveCfg = Release|Any CPU
		{D94E01DC-543D-408C-AA0D-348ACC000063}.Release|Any CPU.Build.0 = Release|Any CPU
		{E1063029-C0D8-4DFA-BBDA-7707B6F0FA81}.Debug|Any CPU.ActiveCfg = Debug|Any CPU
		{E1063029-C0D8-4DFA-BBDA-7707B6F0FA81}.Debug|Any CPU.Build.0 = Debug|Any CPU
		{E1063029-C0D8-4DFA-BBDA-7707B6F0FA81}.Release|Any CPU.ActiveCfg = Release|Any CPU
		{E1063029-C0D8-4DFA-BBDA-7707B6F0FA81}.Release|Any CPU.Build.0 = Release|Any CPU
		{7608AFE8-2123-4503-8D73-751918246E5A}.Debug|Any CPU.ActiveCfg = Debug|Any CPU
		{7608AFE8-2123-4503-8D73-751918246E5A}.Debug|Any CPU.Build.0 = Debug|Any CPU
		{7608AFE8-2123-4503-8D73-751918246E5A}.Release|Any CPU.ActiveCfg = Release|Any CPU
		{7608AFE8-2123-4503-8D73-751918246E5A}.Release|Any CPU.Build.0 = Release|Any CPU
		{2A45F944-D634-4618-A2D9-C676A4752EC0}.Debug|Any CPU.ActiveCfg = Debug|Any CPU
		{2A45F944-D634-4618-A2D9-C676A4752EC0}.Debug|Any CPU.Build.0 = Debug|Any CPU
		{2A45F944-D634-4618-A2D9-C676A4752EC0}.Release|Any CPU.ActiveCfg = Release|Any CPU
		{2A45F944-D634-4618-A2D9-C676A4752EC0}.Release|Any CPU.Build.0 = Release|Any CPU
		{1A1FDF64-5D57-4E0E-A62B-0205BED18BFC}.Debug|Any CPU.ActiveCfg = Debug|Any CPU
		{1A1FDF64-5D57-4E0E-A62B-0205BED18BFC}.Debug|Any CPU.Build.0 = Debug|Any CPU
		{1A1FDF64-5D57-4E0E-A62B-0205BED18BFC}.Release|Any CPU.ActiveCfg = Release|Any CPU
		{1A1FDF64-5D57-4E0E-A62B-0205BED18BFC}.Release|Any CPU.Build.0 = Release|Any CPU
		{195A4F88-B01A-4968-9F9F-EBF8C48DBD98}.Debug|Any CPU.ActiveCfg = Debug|Any CPU
		{195A4F88-B01A-4968-9F9F-EBF8C48DBD98}.Debug|Any CPU.Build.0 = Debug|Any CPU
		{195A4F88-B01A-4968-9F9F-EBF8C48DBD98}.Release|Any CPU.ActiveCfg = Release|Any CPU
		{195A4F88-B01A-4968-9F9F-EBF8C48DBD98}.Release|Any CPU.Build.0 = Release|Any CPU
		{C7307143-1426-4371-AE72-1817BC2350EB}.Debug|Any CPU.ActiveCfg = Debug|Any CPU
		{C7307143-1426-4371-AE72-1817BC2350EB}.Debug|Any CPU.Build.0 = Debug|Any CPU
		{C7307143-1426-4371-AE72-1817BC2350EB}.Release|Any CPU.ActiveCfg = Release|Any CPU
		{C7307143-1426-4371-AE72-1817BC2350EB}.Release|Any CPU.Build.0 = Release|Any CPU
		{56B0A8D2-96B8-436F-B5EB-F74A19AF46B2}.Debug|Any CPU.ActiveCfg = Debug|Any CPU
		{56B0A8D2-96B8-436F-B5EB-F74A19AF46B2}.Debug|Any CPU.Build.0 = Debug|Any CPU
		{56B0A8D2-96B8-436F-B5EB-F74A19AF46B2}.Release|Any CPU.ActiveCfg = Release|Any CPU
		{56B0A8D2-96B8-436F-B5EB-F74A19AF46B2}.Release|Any CPU.Build.0 = Release|Any CPU
	EndGlobalSection
	GlobalSection(SolutionProperties) = preSolution
		HideSolutionNode = FALSE
	EndGlobalSection
	GlobalSection(ExtensibilityGlobals) = postSolution
		SolutionGuid = {0D41005C-43E6-4016-8445-AB5D8C2F8293}
	EndGlobalSection
EndGlobal
